// !$*UTF8*$!
{
	archiveVersion = 1;
	classes = {
	};
	objectVersion = 46;
	objects = {

/* Begin PBXBuildFile section */
		040B544D1C95826200B54D4A /* NSData+ImageContentType.m in Sources */ = {isa = PBXBuildFile; fileRef = 040B54311C95826200B54D4A /* NSData+ImageContentType.m */; };
		040B544E1C95826200B54D4A /* SDImageCache.m in Sources */ = {isa = PBXBuildFile; fileRef = 040B54331C95826200B54D4A /* SDImageCache.m */; };
		040B544F1C95826200B54D4A /* SDWebImageCompat.m in Sources */ = {isa = PBXBuildFile; fileRef = 040B54351C95826200B54D4A /* SDWebImageCompat.m */; };
		040B54501C95826200B54D4A /* SDWebImageDecoder.m in Sources */ = {isa = PBXBuildFile; fileRef = 040B54371C95826200B54D4A /* SDWebImageDecoder.m */; };
		040B54511C95826200B54D4A /* SDWebImageDownloader.m in Sources */ = {isa = PBXBuildFile; fileRef = 040B54391C95826200B54D4A /* SDWebImageDownloader.m */; };
		040B54521C95826200B54D4A /* SDWebImageDownloaderOperation.m in Sources */ = {isa = PBXBuildFile; fileRef = 040B543B1C95826200B54D4A /* SDWebImageDownloaderOperation.m */; };
		040B54531C95826200B54D4A /* SDWebImageManager.m in Sources */ = {isa = PBXBuildFile; fileRef = 040B543D1C95826200B54D4A /* SDWebImageManager.m */; };
		040B54541C95826200B54D4A /* SDWebImagePrefetcher.m in Sources */ = {isa = PBXBuildFile; fileRef = 040B54401C95826200B54D4A /* SDWebImagePrefetcher.m */; };
		040B54551C95826200B54D4A /* UIButton+WebCache.m in Sources */ = {isa = PBXBuildFile; fileRef = 040B54421C95826200B54D4A /* UIButton+WebCache.m */; };
		040B54561C95826200B54D4A /* UIImage+GIF.m in Sources */ = {isa = PBXBuildFile; fileRef = 040B54441C95826200B54D4A /* UIImage+GIF.m */; };
		040B54571C95826200B54D4A /* UIImage+MultiFormat.m in Sources */ = {isa = PBXBuildFile; fileRef = 040B54461C95826200B54D4A /* UIImage+MultiFormat.m */; };
		040B54581C95826200B54D4A /* UIImageView+HighlightedWebCache.m in Sources */ = {isa = PBXBuildFile; fileRef = 040B54481C95826200B54D4A /* UIImageView+HighlightedWebCache.m */; };
		040B54591C95826200B54D4A /* UIImageView+WebCache.m in Sources */ = {isa = PBXBuildFile; fileRef = 040B544A1C95826200B54D4A /* UIImageView+WebCache.m */; };
		040B545A1C95826200B54D4A /* UIView+WebCacheOperation.m in Sources */ = {isa = PBXBuildFile; fileRef = 040B544C1C95826200B54D4A /* UIView+WebCacheOperation.m */; };
		040B545D1C95830A00B54D4A /* empty_image.png in Resources */ = {isa = PBXBuildFile; fileRef = 040B545C1C95830A00B54D4A /* empty_image.png */; };
		045C758A1D0E4D5100258A6E /* DDImageBrowerController.m in Sources */ = {isa = PBXBuildFile; fileRef = 045C75891D0E4D5100258A6E /* DDImageBrowerController.m */; };
		045C758D1D0E6C0700258A6E /* DDPresentAnimation.m in Sources */ = {isa = PBXBuildFile; fileRef = 045C758C1D0E6C0700258A6E /* DDPresentAnimation.m */; };
		045C75931D0E97CE00258A6E /* DDDismissAnimation.m in Sources */ = {isa = PBXBuildFile; fileRef = 045C75921D0E97CE00258A6E /* DDDismissAnimation.m */; };
		045C75D81D0FAD6600258A6E /* UIImage+DDFrame.m in Sources */ = {isa = PBXBuildFile; fileRef = 045C75D71D0FAD6600258A6E /* UIImage+DDFrame.m */; };
		0460CA771C912AA700DB50EA /* main.m in Sources */ = {isa = PBXBuildFile; fileRef = 0460CA761C912AA700DB50EA /* main.m */; };
		0460CA7A1C912AA700DB50EA /* AppDelegate.m in Sources */ = {isa = PBXBuildFile; fileRef = 0460CA791C912AA700DB50EA /* AppDelegate.m */; };
		0460CA7D1C912AA700DB50EA /* ViewController.m in Sources */ = {isa = PBXBuildFile; fileRef = 0460CA7C1C912AA700DB50EA /* ViewController.m */; };
		0460CA801C912AA700DB50EA /* Main.storyboard in Resources */ = {isa = PBXBuildFile; fileRef = 0460CA7E1C912AA700DB50EA /* Main.storyboard */; };
		0460CA821C912AA700DB50EA /* Assets.xcassets in Resources */ = {isa = PBXBuildFile; fileRef = 0460CA811C912AA700DB50EA /* Assets.xcassets */; };
		0460CA851C912AA700DB50EA /* LaunchScreen.storyboard in Resources */ = {isa = PBXBuildFile; fileRef = 0460CA831C912AA700DB50EA /* LaunchScreen.storyboard */; };
		0460CAC41C926D0900DB50EA /* DDImageBrowerModel.m in Sources */ = {isa = PBXBuildFile; fileRef = 0460CAC31C926D0900DB50EA /* DDImageBrowerModel.m */; };
		0460CAC71C926D7300DB50EA /* DDCollectionViewCell.m in Sources */ = {isa = PBXBuildFile; fileRef = 0460CAC61C926D7300DB50EA /* DDCollectionViewCell.m */; };
		0460CACA1C926DA500DB50EA /* DDImageScrollView.m in Sources */ = {isa = PBXBuildFile; fileRef = 0460CAC91C926DA500DB50EA /* DDImageScrollView.m */; };
/* End PBXBuildFile section */

/* Begin PBXFileReference section */
		040B54301C95826200B54D4A /* NSData+ImageContentType.h */ = {isa = PBXFileReference; fileEncoding = 4; lastKnownFileType = sourcecode.c.h; path = "NSData+ImageContentType.h"; sourceTree = "<group>"; };
		040B54311C95826200B54D4A /* NSData+ImageContentType.m */ = {isa = PBXFileReference; fileEncoding = 4; lastKnownFileType = sourcecode.c.objc; path = "NSData+ImageContentType.m"; sourceTree = "<group>"; };
		040B54321C95826200B54D4A /* SDImageCache.h */ = {isa = PBXFileReference; fileEncoding = 4; lastKnownFileType = sourcecode.c.h; path = SDImageCache.h; sourceTree = "<group>"; };
		040B54331C95826200B54D4A /* SDImageCache.m */ = {isa = PBXFileReference; fileEncoding = 4; lastKnownFileType = sourcecode.c.objc; path = SDImageCache.m; sourceTree = "<group>"; };
		040B54341C95826200B54D4A /* SDWebImageCompat.h */ = {isa = PBXFileReference; fileEncoding = 4; lastKnownFileType = sourcecode.c.h; path = SDWebImageCompat.h; sourceTree = "<group>"; };
		040B54351C95826200B54D4A /* SDWebImageCompat.m */ = {isa = PBXFileReference; fileEncoding = 4; lastKnownFileType = sourcecode.c.objc; path = SDWebImageCompat.m; sourceTree = "<group>"; };
		040B54361C95826200B54D4A /* SDWebImageDecoder.h */ = {isa = PBXFileReference; fileEncoding = 4; lastKnownFileType = sourcecode.c.h; path = SDWebImageDecoder.h; sourceTree = "<group>"; };
		040B54371C95826200B54D4A /* SDWebImageDecoder.m */ = {isa = PBXFileReference; fileEncoding = 4; lastKnownFileType = sourcecode.c.objc; path = SDWebImageDecoder.m; sourceTree = "<group>"; };
		040B54381C95826200B54D4A /* SDWebImageDownloader.h */ = {isa = PBXFileReference; fileEncoding = 4; lastKnownFileType = sourcecode.c.h; path = SDWebImageDownloader.h; sourceTree = "<group>"; };
		040B54391C95826200B54D4A /* SDWebImageDownloader.m */ = {isa = PBXFileReference; fileEncoding = 4; lastKnownFileType = sourcecode.c.objc; path = SDWebImageDownloader.m; sourceTree = "<group>"; };
		040B543A1C95826200B54D4A /* SDWebImageDownloaderOperation.h */ = {isa = PBXFileReference; fileEncoding = 4; lastKnownFileType = sourcecode.c.h; path = SDWebImageDownloaderOperation.h; sourceTree = "<group>"; };
		040B543B1C95826200B54D4A /* SDWebImageDownloaderOperation.m */ = {isa = PBXFileReference; fileEncoding = 4; lastKnownFileType = sourcecode.c.objc; path = SDWebImageDownloaderOperation.m; sourceTree = "<group>"; };
		040B543C1C95826200B54D4A /* SDWebImageManager.h */ = {isa = PBXFileReference; fileEncoding = 4; lastKnownFileType = sourcecode.c.h; path = SDWebImageManager.h; sourceTree = "<group>"; };
		040B543D1C95826200B54D4A /* SDWebImageManager.m */ = {isa = PBXFileReference; fileEncoding = 4; lastKnownFileType = sourcecode.c.objc; path = SDWebImageManager.m; sourceTree = "<group>"; };
		040B543E1C95826200B54D4A /* SDWebImageOperation.h */ = {isa = PBXFileReference; fileEncoding = 4; lastKnownFileType = sourcecode.c.h; path = SDWebImageOperation.h; sourceTree = "<group>"; };
		040B543F1C95826200B54D4A /* SDWebImagePrefetcher.h */ = {isa = PBXFileReference; fileEncoding = 4; lastKnownFileType = sourcecode.c.h; path = SDWebImagePrefetcher.h; sourceTree = "<group>"; };
		040B54401C95826200B54D4A /* SDWebImagePrefetcher.m */ = {isa = PBXFileReference; fileEncoding = 4; lastKnownFileType = sourcecode.c.objc; path = SDWebImagePrefetcher.m; sourceTree = "<group>"; };
		040B54411C95826200B54D4A /* UIButton+WebCache.h */ = {isa = PBXFileReference; fileEncoding = 4; lastKnownFileType = sourcecode.c.h; path = "UIButton+WebCache.h"; sourceTree = "<group>"; };
		040B54421C95826200B54D4A /* UIButton+WebCache.m */ = {isa = PBXFileReference; fileEncoding = 4; lastKnownFileType = sourcecode.c.objc; path = "UIButton+WebCache.m"; sourceTree = "<group>"; };
		040B54431C95826200B54D4A /* UIImage+GIF.h */ = {isa = PBXFileReference; fileEncoding = 4; lastKnownFileType = sourcecode.c.h; path = "UIImage+GIF.h"; sourceTree = "<group>"; };
		040B54441C95826200B54D4A /* UIImage+GIF.m */ = {isa = PBXFileReference; fileEncoding = 4; lastKnownFileType = sourcecode.c.objc; path = "UIImage+GIF.m"; sourceTree = "<group>"; };
		040B54451C95826200B54D4A /* UIImage+MultiFormat.h */ = {isa = PBXFileReference; fileEncoding = 4; lastKnownFileType = sourcecode.c.h; path = "UIImage+MultiFormat.h"; sourceTree = "<group>"; };
		040B54461C95826200B54D4A /* UIImage+MultiFormat.m */ = {isa = PBXFileReference; fileEncoding = 4; lastKnownFileType = sourcecode.c.objc; path = "UIImage+MultiFormat.m"; sourceTree = "<group>"; };
		040B54471C95826200B54D4A /* UIImageView+HighlightedWebCache.h */ = {isa = PBXFileReference; fileEncoding = 4; lastKnownFileType = sourcecode.c.h; path = "UIImageView+HighlightedWebCache.h"; sourceTree = "<group>"; };
		040B54481C95826200B54D4A /* UIImageView+HighlightedWebCache.m */ = {isa = PBXFileReference; fileEncoding = 4; lastKnownFileType = sourcecode.c.objc; path = "UIImageView+HighlightedWebCache.m"; sourceTree = "<group>"; };
		040B54491C95826200B54D4A /* UIImageView+WebCache.h */ = {isa = PBXFileReference; fileEncoding = 4; lastKnownFileType = sourcecode.c.h; path = "UIImageView+WebCache.h"; sourceTree = "<group>"; };
		040B544A1C95826200B54D4A /* UIImageView+WebCache.m */ = {isa = PBXFileReference; fileEncoding = 4; lastKnownFileType = sourcecode.c.objc; path = "UIImageView+WebCache.m"; sourceTree = "<group>"; };
		040B544B1C95826200B54D4A /* UIView+WebCacheOperation.h */ = {isa = PBXFileReference; fileEncoding = 4; lastKnownFileType = sourcecode.c.h; path = "UIView+WebCacheOperation.h"; sourceTree = "<group>"; };
		040B544C1C95826200B54D4A /* UIView+WebCacheOperation.m */ = {isa = PBXFileReference; fileEncoding = 4; lastKnownFileType = sourcecode.c.objc; path = "UIView+WebCacheOperation.m"; sourceTree = "<group>"; };
		040B545C1C95830A00B54D4A /* empty_image.png */ = {isa = PBXFileReference; lastKnownFileType = image.png; name = empty_image.png; path = ../empty_image.png; sourceTree = "<group>"; };
		045C75881D0E4D5100258A6E /* DDImageBrowerController.h */ = {isa = PBXFileReference; fileEncoding = 4; lastKnownFileType = sourcecode.c.h; path = DDImageBrowerController.h; sourceTree = "<group>"; };
		045C75891D0E4D5100258A6E /* DDImageBrowerController.m */ = {isa = PBXFileReference; fileEncoding = 4; lastKnownFileType = sourcecode.c.objc; path = DDImageBrowerController.m; sourceTree = "<group>"; };
		045C758B1D0E6C0700258A6E /* DDPresentAnimation.h */ = {isa = PBXFileReference; fileEncoding = 4; lastKnownFileType = sourcecode.c.h; path = DDPresentAnimation.h; sourceTree = "<group>"; };
		045C758C1D0E6C0700258A6E /* DDPresentAnimation.m */ = {isa = PBXFileReference; fileEncoding = 4; lastKnownFileType = sourcecode.c.objc; path = DDPresentAnimation.m; sourceTree = "<group>"; };
		045C75911D0E97CE00258A6E /* DDDismissAnimation.h */ = {isa = PBXFileReference; fileEncoding = 4; lastKnownFileType = sourcecode.c.h; path = DDDismissAnimation.h; sourceTree = "<group>"; };
		045C75921D0E97CE00258A6E /* DDDismissAnimation.m */ = {isa = PBXFileReference; fileEncoding = 4; lastKnownFileType = sourcecode.c.objc; path = DDDismissAnimation.m; sourceTree = "<group>"; };
		045C75D61D0FAD6600258A6E /* UIImage+DDFrame.h */ = {isa = PBXFileReference; fileEncoding = 4; lastKnownFileType = sourcecode.c.h; path = "UIImage+DDFrame.h"; sourceTree = "<group>"; };
		045C75D71D0FAD6600258A6E /* UIImage+DDFrame.m */ = {isa = PBXFileReference; fileEncoding = 4; lastKnownFileType = sourcecode.c.objc; path = "UIImage+DDFrame.m"; sourceTree = "<group>"; };
		0460CA721C912AA700DB50EA /* DDImageBrowser.app */ = {isa = PBXFileReference; explicitFileType = wrapper.application; includeInIndex = 0; path = DDImageBrowser.app; sourceTree = BUILT_PRODUCTS_DIR; };
		0460CA761C912AA700DB50EA /* main.m */ = {isa = PBXFileReference; lastKnownFileType = sourcecode.c.objc; path = main.m; sourceTree = "<group>"; };
		0460CA781C912AA700DB50EA /* AppDelegate.h */ = {isa = PBXFileReference; lastKnownFileType = sourcecode.c.h; path = AppDelegate.h; sourceTree = "<group>"; };
		0460CA791C912AA700DB50EA /* AppDelegate.m */ = {isa = PBXFileReference; lastKnownFileType = sourcecode.c.objc; path = AppDelegate.m; sourceTree = "<group>"; };
		0460CA7B1C912AA700DB50EA /* ViewController.h */ = {isa = PBXFileReference; lastKnownFileType = sourcecode.c.h; path = ViewController.h; sourceTree = "<group>"; };
		0460CA7C1C912AA700DB50EA /* ViewController.m */ = {isa = PBXFileReference; lastKnownFileType = sourcecode.c.objc; path = ViewController.m; sourceTree = "<group>"; };
		0460CA7F1C912AA700DB50EA /* Base */ = {isa = PBXFileReference; lastKnownFileType = file.storyboard; name = Base; path = Base.lproj/Main.storyboard; sourceTree = "<group>"; };
		0460CA811C912AA700DB50EA /* Assets.xcassets */ = {isa = PBXFileReference; lastKnownFileType = folder.assetcatalog; path = Assets.xcassets; sourceTree = "<group>"; };
		0460CA841C912AA700DB50EA /* Base */ = {isa = PBXFileReference; lastKnownFileType = file.storyboard; name = Base; path = Base.lproj/LaunchScreen.storyboard; sourceTree = "<group>"; };
		0460CA861C912AA700DB50EA /* Info.plist */ = {isa = PBXFileReference; lastKnownFileType = text.plist.xml; path = Info.plist; sourceTree = "<group>"; };
		0460CAC21C926D0900DB50EA /* DDImageBrowerModel.h */ = {isa = PBXFileReference; fileEncoding = 4; lastKnownFileType = sourcecode.c.h; path = DDImageBrowerModel.h; sourceTree = "<group>"; };
		0460CAC31C926D0900DB50EA /* DDImageBrowerModel.m */ = {isa = PBXFileReference; fileEncoding = 4; lastKnownFileType = sourcecode.c.objc; path = DDImageBrowerModel.m; sourceTree = "<group>"; };
		0460CAC51C926D7300DB50EA /* DDCollectionViewCell.h */ = {isa = PBXFileReference; fileEncoding = 4; lastKnownFileType = sourcecode.c.h; path = DDCollectionViewCell.h; sourceTree = "<group>"; };
		0460CAC61C926D7300DB50EA /* DDCollectionViewCell.m */ = {isa = PBXFileReference; fileEncoding = 4; lastKnownFileType = sourcecode.c.objc; path = DDCollectionViewCell.m; sourceTree = "<group>"; };
		0460CAC81C926DA500DB50EA /* DDImageScrollView.h */ = {isa = PBXFileReference; fileEncoding = 4; lastKnownFileType = sourcecode.c.h; path = DDImageScrollView.h; sourceTree = "<group>"; };
		0460CAC91C926DA500DB50EA /* DDImageScrollView.m */ = {isa = PBXFileReference; fileEncoding = 4; lastKnownFileType = sourcecode.c.objc; path = DDImageScrollView.m; sourceTree = "<group>"; };
/* End PBXFileReference section */

/* Begin PBXFrameworksBuildPhase section */
		0460CA6F1C912AA700DB50EA /* Frameworks */ = {
			isa = PBXFrameworksBuildPhase;
			buildActionMask = 2147483647;
			files = (
			);
			runOnlyForDeploymentPostprocessing = 0;
		};
/* End PBXFrameworksBuildPhase section */

/* Begin PBXGroup section */
		040B542F1C95826200B54D4A /* SDWebImage */ = {
			isa = PBXGroup;
			children = (
				040B54301C95826200B54D4A /* NSData+ImageContentType.h */,
				040B54311C95826200B54D4A /* NSData+ImageContentType.m */,
				040B54321C95826200B54D4A /* SDImageCache.h */,
				040B54331C95826200B54D4A /* SDImageCache.m */,
				040B54341C95826200B54D4A /* SDWebImageCompat.h */,
				040B54351C95826200B54D4A /* SDWebImageCompat.m */,
				040B54361C95826200B54D4A /* SDWebImageDecoder.h */,
				040B54371C95826200B54D4A /* SDWebImageDecoder.m */,
				040B54381C95826200B54D4A /* SDWebImageDownloader.h */,
				040B54391C95826200B54D4A /* SDWebImageDownloader.m */,
				040B543A1C95826200B54D4A /* SDWebImageDownloaderOperation.h */,
				040B543B1C95826200B54D4A /* SDWebImageDownloaderOperation.m */,
				040B543C1C95826200B54D4A /* SDWebImageManager.h */,
				040B543D1C95826200B54D4A /* SDWebImageManager.m */,
				040B543E1C95826200B54D4A /* SDWebImageOperation.h */,
				040B543F1C95826200B54D4A /* SDWebImagePrefetcher.h */,
				040B54401C95826200B54D4A /* SDWebImagePrefetcher.m */,
				040B54411C95826200B54D4A /* UIButton+WebCache.h */,
				040B54421C95826200B54D4A /* UIButton+WebCache.m */,
				040B54431C95826200B54D4A /* UIImage+GIF.h */,
				040B54441C95826200B54D4A /* UIImage+GIF.m */,
				040B54451C95826200B54D4A /* UIImage+MultiFormat.h */,
				040B54461C95826200B54D4A /* UIImage+MultiFormat.m */,
				040B54471C95826200B54D4A /* UIImageView+HighlightedWebCache.h */,
				040B54481C95826200B54D4A /* UIImageView+HighlightedWebCache.m */,
				040B54491C95826200B54D4A /* UIImageView+WebCache.h */,
				040B544A1C95826200B54D4A /* UIImageView+WebCache.m */,
				040B544B1C95826200B54D4A /* UIView+WebCacheOperation.h */,
				040B544C1C95826200B54D4A /* UIView+WebCacheOperation.m */,
			);
			path = SDWebImage;
			sourceTree = "<group>";
		};
		0460CA691C912AA700DB50EA = {
			isa = PBXGroup;
			children = (
				040B542F1C95826200B54D4A /* SDWebImage */,
				0460CA741C912AA700DB50EA /* DDImageBrowser */,
				0460CA731C912AA700DB50EA /* Products */,
			);
			sourceTree = "<group>";
		};
		0460CA731C912AA700DB50EA /* Products */ = {
			isa = PBXGroup;
			children = (
				0460CA721C912AA700DB50EA /* DDImageBrowser.app */,
			);
			name = Products;
			sourceTree = "<group>";
		};
		0460CA741C912AA700DB50EA /* DDImageBrowser */ = {
			isa = PBXGroup;
			children = (
				0460CA8C1C912BEA00DB50EA /* DDImageBrower */,
				0460CA781C912AA700DB50EA /* AppDelegate.h */,
				0460CA791C912AA700DB50EA /* AppDelegate.m */,
				0460CA7B1C912AA700DB50EA /* ViewController.h */,
				0460CA7C1C912AA700DB50EA /* ViewController.m */,
				0460CA7E1C912AA700DB50EA /* Main.storyboard */,
				0460CA811C912AA700DB50EA /* Assets.xcassets */,
				0460CA831C912AA700DB50EA /* LaunchScreen.storyboard */,
				0460CA861C912AA700DB50EA /* Info.plist */,
				0460CA751C912AA700DB50EA /* Supporting Files */,
			);
			path = DDImageBrowser;
			sourceTree = "<group>";
		};
		0460CA751C912AA700DB50EA /* Supporting Files */ = {
			isa = PBXGroup;
			children = (
				0460CA761C912AA700DB50EA /* main.m */,
			);
			name = "Supporting Files";
			sourceTree = "<group>";
		};
		0460CA8C1C912BEA00DB50EA /* DDImageBrower */ = {
			isa = PBXGroup;
			children = (
				040B545C1C95830A00B54D4A /* empty_image.png */,
				045C75881D0E4D5100258A6E /* DDImageBrowerController.h */,
				045C75891D0E4D5100258A6E /* DDImageBrowerController.m */,
				0460CAC21C926D0900DB50EA /* DDImageBrowerModel.h */,
				0460CAC31C926D0900DB50EA /* DDImageBrowerModel.m */,
				0460CAC51C926D7300DB50EA /* DDCollectionViewCell.h */,
				0460CAC61C926D7300DB50EA /* DDCollectionViewCell.m */,
				0460CAC81C926DA500DB50EA /* DDImageScrollView.h */,
				0460CAC91C926DA500DB50EA /* DDImageScrollView.m */,
				045C758B1D0E6C0700258A6E /* DDPresentAnimation.h */,
				045C758C1D0E6C0700258A6E /* DDPresentAnimation.m */,
				045C75911D0E97CE00258A6E /* DDDismissAnimation.h */,
				045C75921D0E97CE00258A6E /* DDDismissAnimation.m */,
				045C75D61D0FAD6600258A6E /* UIImage+DDFrame.h */,
				045C75D71D0FAD6600258A6E /* UIImage+DDFrame.m */,
			);
			path = DDImageBrower;
			sourceTree = "<group>";
		};
/* End PBXGroup section */

/* Begin PBXNativeTarget section */
		0460CA711C912AA700DB50EA /* DDImageBrowser */ = {
			isa = PBXNativeTarget;
			buildConfigurationList = 0460CA891C912AA700DB50EA /* Build configuration list for PBXNativeTarget "DDImageBrowser" */;
			buildPhases = (
				0460CA6E1C912AA700DB50EA /* Sources */,
				0460CA6F1C912AA700DB50EA /* Frameworks */,
				0460CA701C912AA700DB50EA /* Resources */,
			);
			buildRules = (
			);
			dependencies = (
			);
			name = DDImageBrowser;
			productName = DDImageBrowser;
			productReference = 0460CA721C912AA700DB50EA /* DDImageBrowser.app */;
			productType = "com.apple.product-type.application";
		};
/* End PBXNativeTarget section */

/* Begin PBXProject section */
		0460CA6A1C912AA700DB50EA /* Project object */ = {
			isa = PBXProject;
			attributes = {
				LastUpgradeCheck = 0720;
				ORGANIZATIONNAME = dongdong;
				TargetAttributes = {
					0460CA711C912AA700DB50EA = {
						CreatedOnToolsVersion = 7.2.1;
					};
				};
			};
			buildConfigurationList = 0460CA6D1C912AA700DB50EA /* Build configuration list for PBXProject "DDImageBrowser" */;
			compatibilityVersion = "Xcode 3.2";
			developmentRegion = English;
			hasScannedForEncodings = 0;
			knownRegions = (
				en,
				Base,
			);
			mainGroup = 0460CA691C912AA700DB50EA;
			productRefGroup = 0460CA731C912AA700DB50EA /* Products */;
			projectDirPath = "";
			projectRoot = "";
			targets = (
				0460CA711C912AA700DB50EA /* DDImageBrowser */,
			);
		};
/* End PBXProject section */

/* Begin PBXResourcesBuildPhase section */
		0460CA701C912AA700DB50EA /* Resources */ = {
			isa = PBXResourcesBuildPhase;
			buildActionMask = 2147483647;
			files = (
				0460CA851C912AA700DB50EA /* LaunchScreen.storyboard in Resources */,
				040B545D1C95830A00B54D4A /* empty_image.png in Resources */,
				0460CA821C912AA700DB50EA /* Assets.xcassets in Resources */,
				0460CA801C912AA700DB50EA /* Main.storyboard in Resources */,
			);
			runOnlyForDeploymentPostprocessing = 0;
		};
/* End PBXResourcesBuildPhase section */

/* Begin PBXSourcesBuildPhase section */
		0460CA6E1C912AA700DB50EA /* Sources */ = {
			isa = PBXSourcesBuildPhase;
			buildActionMask = 2147483647;
			files = (
				045C758A1D0E4D5100258A6E /* DDImageBrowerController.m in Sources */,
				0460CACA1C926DA500DB50EA /* DDImageScrollView.m in Sources */,
				040B54581C95826200B54D4A /* UIImageView+HighlightedWebCache.m in Sources */,
				040B54591C95826200B54D4A /* UIImageView+WebCache.m in Sources */,
				040B54531C95826200B54D4A /* SDWebImageManager.m in Sources */,
				040B544E1C95826200B54D4A /* SDImageCache.m in Sources */,
				040B54521C95826200B54D4A /* SDWebImageDownloaderOperation.m in Sources */,
				0460CA7D1C912AA700DB50EA /* ViewController.m in Sources */,
				045C758D1D0E6C0700258A6E /* DDPresentAnimation.m in Sources */,
				040B54551C95826200B54D4A /* UIButton+WebCache.m in Sources */,
				040B544D1C95826200B54D4A /* NSData+ImageContentType.m in Sources */,
				040B54541C95826200B54D4A /* SDWebImagePrefetcher.m in Sources */,
				040B545A1C95826200B54D4A /* UIView+WebCacheOperation.m in Sources */,
				040B54511C95826200B54D4A /* SDWebImageDownloader.m in Sources */,
				0460CA7A1C912AA700DB50EA /* AppDelegate.m in Sources */,
				040B54501C95826200B54D4A /* SDWebImageDecoder.m in Sources */,
				0460CAC41C926D0900DB50EA /* DDImageBrowerModel.m in Sources */,
				040B544F1C95826200B54D4A /* SDWebImageCompat.m in Sources */,
				0460CAC71C926D7300DB50EA /* DDCollectionViewCell.m in Sources */,
				0460CA771C912AA700DB50EA /* main.m in Sources */,
				040B54571C95826200B54D4A /* UIImage+MultiFormat.m in Sources */,
				045C75931D0E97CE00258A6E /* DDDismissAnimation.m in Sources */,
				045C75D81D0FAD6600258A6E /* UIImage+DDFrame.m in Sources */,
				040B54561C95826200B54D4A /* UIImage+GIF.m in Sources */,
			);
			runOnlyForDeploymentPostprocessing = 0;
		};
/* End PBXSourcesBuildPhase section */

/* Begin PBXVariantGroup section */
		0460CA7E1C912AA700DB50EA /* Main.storyboard */ = {
			isa = PBXVariantGroup;
			children = (
				0460CA7F1C912AA700DB50EA /* Base */,
			);
			name = Main.storyboard;
			sourceTree = "<group>";
		};
		0460CA831C912AA700DB50EA /* LaunchScreen.storyboard */ = {
			isa = PBXVariantGroup;
			children = (
				0460CA841C912AA700DB50EA /* Base */,
			);
			name = LaunchScreen.storyboard;
			sourceTree = "<group>";
		};
/* End PBXVariantGroup section */

/* Begin XCBuildConfiguration section */
		0460CA871C912AA700DB50EA /* Debug */ = {
			isa = XCBuildConfiguration;
			buildSettings = {
				ALWAYS_SEARCH_USER_PATHS = NO;
				CLANG_CXX_LANGUAGE_STANDARD = "gnu++0x";
				CLANG_CXX_LIBRARY = "libc++";
				CLANG_ENABLE_MODULES = YES;
				CLANG_ENABLE_OBJC_ARC = YES;
				CLANG_WARN_BOOL_CONVERSION = YES;
				CLANG_WARN_CONSTANT_CONVERSION = YES;
				CLANG_WARN_DIRECT_OBJC_ISA_USAGE = YES_ERROR;
				CLANG_WARN_EMPTY_BODY = YES;
				CLANG_WARN_ENUM_CONVERSION = YES;
				CLANG_WARN_INT_CONVERSION = YES;
				CLANG_WARN_OBJC_ROOT_CLASS = YES_ERROR;
				CLANG_WARN_UNREACHABLE_CODE = YES;
				CLANG_WARN__DUPLICATE_METHOD_MATCH = YES;
				"CODE_SIGN_IDENTITY[sdk=iphoneos*]" = "iPhone Developer";
				COPY_PHASE_STRIP = NO;
				DEBUG_INFORMATION_FORMAT = dwarf;
				ENABLE_STRICT_OBJC_MSGSEND = YES;
				ENABLE_TESTABILITY = YES;
				GCC_C_LANGUAGE_STANDARD = gnu99;
				GCC_DYNAMIC_NO_PIC = NO;
				GCC_NO_COMMON_BLOCKS = YES;
				GCC_OPTIMIZATION_LEVEL = 0;
				GCC_PREPROCESSOR_DEFINITIONS = (
					"DEBUG=1",
					"$(inherited)",
				);
				GCC_WARN_64_TO_32_BIT_CONVERSION = YES;
				GCC_WARN_ABOUT_RETURN_TYPE = YES_ERROR;
				GCC_WARN_UNDECLARED_SELECTOR = YES;
				GCC_WARN_UNINITIALIZED_AUTOS = YES_AGGRESSIVE;
				GCC_WARN_UNUSED_FUNCTION = YES;
				GCC_WARN_UNUSED_VARIABLE = YES;
				IPHONEOS_DEPLOYMENT_TARGET = 9.2;
				MTL_ENABLE_DEBUG_INFO = YES;
				ONLY_ACTIVE_ARCH = YES;
				SDKROOT = iphoneos;
				TARGETED_DEVICE_FAMILY = "1,2";
			};
			name = Debug;
		};
		0460CA881C912AA700DB50EA /* Release */ = {
			isa = XCBuildConfiguration;
			buildSettings = {
				ALWAYS_SEARCH_USER_PATHS = NO;
				CLANG_CXX_LANGUAGE_STANDARD = "gnu++0x";
				CLANG_CXX_LIBRARY = "libc++";
				CLANG_ENABLE_MODULES = YES;
				CLANG_ENABLE_OBJC_ARC = YES;
				CLANG_WARN_BOOL_CONVERSION = YES;
				CLANG_WARN_CONSTANT_CONVERSION = YES;
				CLANG_WARN_DIRECT_OBJC_ISA_USAGE = YES_ERROR;
				CLANG_WARN_EMPTY_BODY = YES;
				CLANG_WARN_ENUM_CONVERSION = YES;
				CLANG_WARN_INT_CONVERSION = YES;
				CLANG_WARN_OBJC_ROOT_CLASS = YES_ERROR;
				CLANG_WARN_UNREACHABLE_CODE = YES;
				CLANG_WARN__DUPLICATE_METHOD_MATCH = YES;
				"CODE_SIGN_IDENTITY[sdk=iphoneos*]" = "iPhone Developer";
				COPY_PHASE_STRIP = NO;
				DEBUG_INFORMATION_FORMAT = "dwarf-with-dsym";
				ENABLE_NS_ASSERTIONS = NO;
				ENABLE_STRICT_OBJC_MSGSEND = YES;
				GCC_C_LANGUAGE_STANDARD = gnu99;
				GCC_NO_COMMON_BLOCKS = YES;
				GCC_WARN_64_TO_32_BIT_CONVERSION = YES;
				GCC_WARN_ABOUT_RETURN_TYPE = YES_ERROR;
				GCC_WARN_UNDECLARED_SELECTOR = YES;
				GCC_WARN_UNINITIALIZED_AUTOS = YES_AGGRESSIVE;
				GCC_WARN_UNUSED_FUNCTION = YES;
				GCC_WARN_UNUSED_VARIABLE = YES;
				IPHONEOS_DEPLOYMENT_TARGET = 9.2;
				MTL_ENABLE_DEBUG_INFO = NO;
				SDKROOT = iphoneos;
				TARGETED_DEVICE_FAMILY = "1,2";
				VALIDATE_PRODUCT = YES;
			};
			name = Release;
		};
		0460CA8A1C912AA700DB50EA /* Debug */ = {
			isa = XCBuildConfiguration;
			buildSettings = {
				ASSETCATALOG_COMPILER_APPICON_NAME = AppIcon;
				INFOPLIST_FILE = DDImageBrowser/Info.plist;
				IPHONEOS_DEPLOYMENT_TARGET = 7.0;
				LD_RUNPATH_SEARCH_PATHS = "$(inherited) @executable_path/Frameworks";
				PRODUCT_BUNDLE_IDENTIFIER = yudongdong.DDImageBrowser;
				PRODUCT_NAME = "$(TARGET_NAME)";
			};
			name = Debug;
		};
		0460CA8B1C912AA700DB50EA /* Release */ = {
			isa = XCBuildConfiguration;
			buildSettings = {
				ASSETCATALOG_COMPILER_APPICON_NAME = AppIcon;
				INFOPLIST_FILE = DDImageBrowser/Info.plist;
				IPHONEOS_DEPLOYMENT_TARGET = 7.0;
				LD_RUNPATH_SEARCH_PATHS = "$(inherited) @executable_path/Frameworks";
				PRODUCT_BUNDLE_IDENTIFIER = yudongdong.DDImageBrowser;
				PRODUCT_NAME = "$(TARGET_NAME)";
			};
			name = Release;
		};
/* End XCBuildConfiguration section */

/* Begin XCConfigurationList section */
		0460CA6D1C912AA700DB50EA /* Build configuration list for PBXProject "DDImageBrowser" */ = {
			isa = XCConfigurationList;
			buildConfigurations = (
				0460CA871C912AA700DB50EA /* Debug */,
				0460CA881C912AA700DB50EA /* Release */,
			);
			defaultConfigurationIsVisible = 0;
			defaultConfigurationName = Release;
		};
		0460CA891C912AA700DB50EA /* Build configuration list for PBXNativeTarget "DDImageBrowser" */ = {
			isa = XCConfigurationList;
			buildConfigurations = (
				0460CA8A1C912AA700DB50EA /* Debug */,
				0460CA8B1C912AA700DB50EA /* Release */,
			);
			defaultConfigurationIsVisible = 0;
			defaultConfigurationName = Release;
		};
/* End XCConfigurationList section */
	};
	rootObject = 0460CA6A1C912AA700DB50EA /* Project object */;
}
